
Microsoft Visual Studio Solution File, Format Version 12.00
# Visual Studio Version 16
VisualStudioVersion = 16.0.31515.178
MinimumVisualStudioVersion = 10.0.40219.1
Project("{888888A0-9F3D-457C-B088-3A5042F75D52}") = "Strings And Dates", "Strings And Dates.pyproj", "{E422633E-D3CB-46E3-B658-FAA8665CCFBB}"
EndProject
Global
	GlobalSection(SolutionConfigurationPlatforms) = preSolution
		Debug|Any CPU = Debug|Any CPU
		Release|Any CPU = Release|Any CPU
	EndGlobalSection
	GlobalSection(ProjectConfigurationPlatforms) = postSolution
		{E422633E-D3CB-46E3-B658-FAA8665CCFBB}.Debug|Any CPU.ActiveCfg = Debug|Any CPU
		{E422633E-D3CB-46E3-B658-FAA8665CCFBB}.Release|Any CPU.ActiveCfg = Release|Any CPU
	EndGlobalSection
	GlobalSection(SolutionProperties) = preSolution
		HideSolutionNode = FALSE
	EndGlobalSection
	GlobalSection(ExtensibilityGlobals) = postSolution
		SolutionGuid = {2AF09C93-F8EF-415C-B759-2B5CF993703C}
	EndGlobalSection
EndGlobal
